
Microsoft Visual Studio Solution File, Format Version 12.00
# Visual Studio 15
VisualStudioVersion = 15.0.26430.14
MinimumVisualStudioVersion = 10.0.40219.1
Project("{8BC9CEB8-8B4A-11D0-8D11-00A0C91BC942}") = "chapter-3", "chapter-3.vcxproj", "{426677B0-CE3A-408A-9877-B3B9D1E697AB}"
EndProject
Global
	GlobalSection(SolutionConfigurationPlatforms) = preSolution
		Debug|x64 = Debug|x64
		Debug|x86 = Debug|x86
		Release|x64 = Release|x64
		Release|x86 = Release|x86
	EndGlobalSection
	GlobalSection(ProjectConfigurationPlatforms) = postSolution
		{426677B0-CE3A-408A-9877-B3B9D1E697AB}.Debug|x64.ActiveCfg = Debug|x64
		{426677B0-CE3A-408A-9877-B3B9D1E697AB}.Debug|x64.Build.0 = Debug|x64
		{426677B0-CE3A-408A-9877-B3B9D1E697AB}.Debug|x86.ActiveCfg = Debug|Win32
		{426677B0-CE3A-408A-9877-B3B9D1E697AB}.Debug|x86.Build.0 = Debug|Win32
		{426677B0-CE3A-408A-9877-B3B9D1E697AB}.Release|x64.ActiveCfg = Release|x64
		{426677B0-CE3A-408A-9877-B3B9D1E697AB}.Release|x64.Build.0 = Release|x64
		{426677B0-CE3A-408A-9877-B3B9D1E697AB}.Release|x86.ActiveCfg = Release|Win32
		{426677B0-CE3A-408A-9877-B3B9D1E697AB}.Release|x86.Build.0 = Release|Win32
	EndGlobalSection
	GlobalSection(SolutionProperties) = preSolution
		HideSolutionNode = FALSE
	EndGlobalSection
EndGlobal
